
Microsoft Visual Studio Solution File, Format Version 12.00
# Visual Studio Version 17
VisualStudioVersion = 17.9.34728.123
MinimumVisualStudioVersion = 10.0.40219.1
Project("{2150E333-8FDC-42A3-9474-1A3956D46DE8}") = "Adapters", "Adapters", "{D309202B-88A3-464B-AC27-E46A5AC11878}"
EndProject
Project("{2150E333-8FDC-42A3-9474-1A3956D46DE8}") = "Application", "Application", "{B19B111B-B6B2-4340-BA95-7D2C0A8E5DC2}"
EndProject
Project("{2150E333-8FDC-42A3-9474-1A3956D46DE8}") = "Common", "Common", "{5C3533E4-EAB5-4655-9536-DC8A3F89446A}"
EndProject
Project("{9A19103F-16F7-4668-BE54-9A1E7A4F7556}") = "MMS.Adapters.Rest", "MMS.Adapters.Rest\MMS.Adapters.Rest.csproj", "{29BA3D38-2744-4C84-8CA7-8750DDD8E32C}"
EndProject
Project("{9A19103F-16F7-4668-BE54-9A1E7A4F7556}") = "MMS.Application", "MMS.Application\MMS.Application.csproj", "{F9F15BD5-8717-4330-8321-46A1B71C8B80}"
EndProject
Project("{9A19103F-16F7-4668-BE54-9A1E7A4F7556}") = "MMS.Application.Common", "MMS.Application.Common\MMS.Application.Common.csproj", "{FAF49D38-6898-4446-9336-10FB216B2EE3}"
EndProject
Project("{9A19103F-16F7-4668-BE54-9A1E7A4F7556}") = "MMS.WebAPI", "MMS.WebAPI\MMS.WebAPI.csproj", "{783CF523-470A-4803-94DD-5574946A62B8}"
EndProject
Project("{9A19103F-16F7-4668-BE54-9A1E7A4F7556}") = "MMS.Adapters.Email", "MMS.Adapters.Email\MMS.Adapters.Email.csproj", "{B9999D77-083A-402A-826E-59E71F07167C}"
EndProject
Project("{9A19103F-16F7-4668-BE54-9A1E7A4F7556}") = "MMS.Adapters.AzureStorage", "MMS.Adapters.AzureStorage\MMS.Adapters.AzureStorage.csproj", "{747688A1-3FB9-4984-A060-035664C1ACC7}"
EndProject
Project("{9A19103F-16F7-4668-BE54-9A1E7A4F7556}") = "MMS.UnitTests", "MMS.Test\MMS.UnitTests.csproj", "{EB70D15C-6EBE-4443-A2AD-C45893F0045D}"
EndProject
Project("{FAE04EC0-301F-11D3-BF4B-00C04F79EFBC}") = "MMS.Adapters.NoSQL", "MMS.Adapters.NoSQL\MMS.Adapters.NoSQL.csproj", "{86370111-19E0-4C7E-A2CF-5DF524B40F48}"
EndProject
Project("{FAE04EC0-301F-11D3-BF4B-00C04F79EFBC}") = "MMS.Adapters.PostgreSQL", "MMS.Adapters.PostgreSQL\MMS.Adapters.PostgreSQL.csproj", "{C9CFE2C1-3E1A-C7DE-12D7-8C09923B6170}"
EndProject
Project("{FAE04EC0-301F-11D3-BF4B-00C04F79EFBC}") = "MMS.Adapters.RabbitMq.SignalR", "MMS.Adapters.RabbitMq.SignalR\MMS.Adapters.RabbitMq.SignalR.csproj", "{3E9A7343-5B9B-47A6-912F-461E1444DE97}"
EndProject
Project("{FAE04EC0-301F-11D3-BF4B-00C04F79EFBC}") = "MMS.Adapters.Keycloak", "MMS.Adapters.Keycloak\MMS.Adapters.Keycloak.csproj", "{CF8C8D15-B9EF-5ABF-5773-4E5D4A51FF66}"
EndProject
Project("{FAE04EC0-301F-11D3-BF4B-00C04F79EFBC}") = "MMS.Adapter.AzureRedisCache", "MMS.Adapter.AzureRedisCache\MMS.Adapter.AzureRedisCache.csproj", "{741797DD-4851-4F95-BE61-881A9F20FDE2}"
EndProject
Project("{FAE04EC0-301F-11D3-BF4B-00C04F79EFBC}") = "MMS.Adapter.Azure.PaymentIntegration", "MMS.Adapter.Azure.PaymentIntegration\MMS.Adapter.Azure.PaymentIntegration.csproj", "{104BA267-41B1-4BFA-A82A-74FD4E56F864}"
EndProject
Project("{FAE04EC0-301F-11D3-BF4B-00C04F79EFBC}") = "MMS.Adapter.FirebaseNotification", "Adapter.Notification\MMS.Adapter.FirebaseNotification.csproj", "{447EEEDD-CFAB-4C2E-A024-C23F33506640}"
EndProject
Project("{FAE04EC0-301F-11D3-BF4B-00C04F79EFBC}") = "MMS.Adapter.AzureWebJobs", "MMS.Adapter.AzureWebJobs\MMS.Adapter.AzureWebJobs.csproj", "{03856EAC-ADA9-4D17-ABA8-2594AD0B8A67}"
EndProject
Project("{FAE04EC0-301F-11D3-BF4B-00C04F79EFBC}") = "MMS.Adapter.Reports", "MMS.Adapter.Reports\MMS.Adapter.Reports.csproj", "{D46BE581-4BD9-1358-0B83-144E6E6B9EB5}"
EndProject
Project("{FAE04EC0-301F-11D3-BF4B-00C04F79EFBC}") = "MMS.Adapter.MQTT.Publisher", "MMS.Adapter.MQTT.Publisher\MMS.Adapter.MQTT.Publisher.csproj", "{60B948C4-9FAE-4045-B167-3DD9AB500B94}"
EndProject
Project("{FAE04EC0-301F-11D3-BF4B-00C04F79EFBC}") = "MMS.Adapter.MQTT.Listener", "MMS.Adapter.MQTT.Listener\MMS.Adapter.MQTT.Listener.csproj", "{F086EAC4-5C30-4629-9251-BF125158B139}"
EndProject
Project("{FAE04EC0-301F-11D3-BF4B-00C04F79EFBC}") = "AdapterTwilio", "AdapterTwilio\AdapterTwilio.csproj", "{4B422CC4-8411-49A0-A05C-E6C16E639DA4}"
EndProject
Global
	GlobalSection(SolutionConfigurationPlatforms) = preSolution
		Debug|Any CPU = Debug|Any CPU
		Release|Any CPU = Release|Any CPU
	EndGlobalSection
	GlobalSection(ProjectConfigurationPlatforms) = postSolution
		{29BA3D38-2744-4C84-8CA7-8750DDD8E32C}.Debug|Any CPU.ActiveCfg = Debug|Any CPU
		{29BA3D38-2744-4C84-8CA7-8750DDD8E32C}.Debug|Any CPU.Build.0 = Debug|Any CPU
		{29BA3D38-2744-4C84-8CA7-8750DDD8E32C}.Release|Any CPU.ActiveCfg = Release|Any CPU
		{29BA3D38-2744-4C84-8CA7-8750DDD8E32C}.Release|Any CPU.Build.0 = Release|Any CPU
		{F9F15BD5-8717-4330-8321-46A1B71C8B80}.Debug|Any CPU.ActiveCfg = Debug|Any CPU
		{F9F15BD5-8717-4330-8321-46A1B71C8B80}.Debug|Any CPU.Build.0 = Debug|Any CPU
		{F9F15BD5-8717-4330-8321-46A1B71C8B80}.Release|Any CPU.ActiveCfg = Release|Any CPU
		{F9F15BD5-8717-4330-8321-46A1B71C8B80}.Release|Any CPU.Build.0 = Release|Any CPU
		{FAF49D38-6898-4446-9336-10FB216B2EE3}.Debug|Any CPU.ActiveCfg = Debug|Any CPU
		{FAF49D38-6898-4446-9336-10FB216B2EE3}.Debug|Any CPU.Build.0 = Debug|Any CPU
		{FAF49D38-6898-4446-9336-10FB216B2EE3}.Release|Any CPU.ActiveCfg = Release|Any CPU
		{FAF49D38-6898-4446-9336-10FB216B2EE3}.Release|Any CPU.Build.0 = Release|Any CPU
		{783CF523-470A-4803-94DD-5574946A62B8}.Debug|Any CPU.ActiveCfg = Debug|Any CPU
		{783CF523-470A-4803-94DD-5574946A62B8}.Debug|Any CPU.Build.0 = Debug|Any CPU
		{783CF523-470A-4803-94DD-5574946A62B8}.Release|Any CPU.ActiveCfg = Release|Any CPU
		{783CF523-470A-4803-94DD-5574946A62B8}.Release|Any CPU.Build.0 = Release|Any CPU
		{B9999D77-083A-402A-826E-59E71F07167C}.Debug|Any CPU.ActiveCfg = Debug|Any CPU
		{B9999D77-083A-402A-826E-59E71F07167C}.Debug|Any CPU.Build.0 = Debug|Any CPU
		{B9999D77-083A-402A-826E-59E71F07167C}.Release|Any CPU.ActiveCfg = Release|Any CPU
		{B9999D77-083A-402A-826E-59E71F07167C}.Release|Any CPU.Build.0 = Release|Any CPU
		{747688A1-3FB9-4984-A060-035664C1ACC7}.Debug|Any CPU.ActiveCfg = Debug|Any CPU
		{747688A1-3FB9-4984-A060-035664C1ACC7}.Debug|Any CPU.Build.0 = Debug|Any CPU
		{747688A1-3FB9-4984-A060-035664C1ACC7}.Release|Any CPU.ActiveCfg = Release|Any CPU
		{747688A1-3FB9-4984-A060-035664C1ACC7}.Release|Any CPU.Build.0 = Release|Any CPU
		{EB70D15C-6EBE-4443-A2AD-C45893F0045D}.Debug|Any CPU.ActiveCfg = Debug|Any CPU
		{EB70D15C-6EBE-4443-A2AD-C45893F0045D}.Debug|Any CPU.Build.0 = Debug|Any CPU
		{EB70D15C-6EBE-4443-A2AD-C45893F0045D}.Release|Any CPU.ActiveCfg = Release|Any CPU
		{EB70D15C-6EBE-4443-A2AD-C45893F0045D}.Release|Any CPU.Build.0 = Release|Any CPU
		{86370111-19E0-4C7E-A2CF-5DF524B40F48}.Debug|Any CPU.ActiveCfg = Debug|Any CPU
		{86370111-19E0-4C7E-A2CF-5DF524B40F48}.Debug|Any CPU.Build.0 = Debug|Any CPU
		{86370111-19E0-4C7E-A2CF-5DF524B40F48}.Release|Any CPU.ActiveCfg = Release|Any CPU
		{86370111-19E0-4C7E-A2CF-5DF524B40F48}.Release|Any CPU.Build.0 = Release|Any CPU
		{C9CFE2C1-3E1A-C7DE-12D7-8C09923B6170}.Debug|Any CPU.ActiveCfg = Debug|Any CPU
		{C9CFE2C1-3E1A-C7DE-12D7-8C09923B6170}.Debug|Any CPU.Build.0 = Debug|Any CPU
		{C9CFE2C1-3E1A-C7DE-12D7-8C09923B6170}.Release|Any CPU.ActiveCfg = Release|Any CPU
		{C9CFE2C1-3E1A-C7DE-12D7-8C09923B6170}.Release|Any CPU.Build.0 = Release|Any CPU
		{3E9A7343-5B9B-47A6-912F-461E1444DE97}.Debug|Any CPU.ActiveCfg = Debug|Any CPU
		{3E9A7343-5B9B-47A6-912F-461E1444DE97}.Debug|Any CPU.Build.0 = Debug|Any CPU
		{3E9A7343-5B9B-47A6-912F-461E1444DE97}.Release|Any CPU.ActiveCfg = Release|Any CPU
		{3E9A7343-5B9B-47A6-912F-461E1444DE97}.Release|Any CPU.Build.0 = Release|Any CPU
		{CF8C8D15-B9EF-5ABF-5773-4E5D4A51FF66}.Debug|Any CPU.ActiveCfg = Debug|Any CPU
		{CF8C8D15-B9EF-5ABF-5773-4E5D4A51FF66}.Debug|Any CPU.Build.0 = Debug|Any CPU
		{CF8C8D15-B9EF-5ABF-5773-4E5D4A51FF66}.Release|Any CPU.ActiveCfg = Release|Any CPU
		{CF8C8D15-B9EF-5ABF-5773-4E5D4A51FF66}.Release|Any CPU.Build.0 = Release|Any CPU
		{741797DD-4851-4F95-BE61-881A9F20FDE2}.Debug|Any CPU.ActiveCfg = Debug|Any CPU
		{741797DD-4851-4F95-BE61-881A9F20FDE2}.Debug|Any CPU.Build.0 = Debug|Any CPU
		{741797DD-4851-4F95-BE61-881A9F20FDE2}.Release|Any CPU.ActiveCfg = Release|Any CPU
		{741797DD-4851-4F95-BE61-881A9F20FDE2}.Release|Any CPU.Build.0 = Release|Any CPU
		{104BA267-41B1-4BFA-A82A-74FD4E56F864}.Debug|Any CPU.ActiveCfg = Debug|Any CPU
		{104BA267-41B1-4BFA-A82A-74FD4E56F864}.Debug|Any CPU.Build.0 = Debug|Any CPU
		{104BA267-41B1-4BFA-A82A-74FD4E56F864}.Release|Any CPU.ActiveCfg = Release|Any CPU
		{104BA267-41B1-4BFA-A82A-74FD4E56F864}.Release|Any CPU.Build.0 = Release|Any CPU
		{447EEEDD-CFAB-4C2E-A024-C23F33506640}.Debug|Any CPU.ActiveCfg = Debug|Any CPU
		{447EEEDD-CFAB-4C2E-A024-C23F33506640}.Debug|Any CPU.Build.0 = Debug|Any CPU
		{447EEEDD-CFAB-4C2E-A024-C23F33506640}.Release|Any CPU.ActiveCfg = Release|Any CPU
		{447EEEDD-CFAB-4C2E-A024-C23F33506640}.Release|Any CPU.Build.0 = Release|Any CPU
		{03856EAC-ADA9-4D17-ABA8-2594AD0B8A67}.Debug|Any CPU.ActiveCfg = Debug|Any CPU
		{03856EAC-ADA9-4D17-ABA8-2594AD0B8A67}.Debug|Any CPU.Build.0 = Debug|Any CPU
		{03856EAC-ADA9-4D17-ABA8-2594AD0B8A67}.Release|Any CPU.ActiveCfg = Release|Any CPU
		{03856EAC-ADA9-4D17-ABA8-2594AD0B8A67}.Release|Any CPU.Build.0 = Release|Any CPU
		{D46BE581-4BD9-1358-0B83-144E6E6B9EB5}.Debug|Any CPU.ActiveCfg = Debug|Any CPU
		{D46BE581-4BD9-1358-0B83-144E6E6B9EB5}.Debug|Any CPU.Build.0 = Debug|Any CPU
		{D46BE581-4BD9-1358-0B83-144E6E6B9EB5}.Release|Any CPU.ActiveCfg = Release|Any CPU
		{D46BE581-4BD9-1358-0B83-144E6E6B9EB5}.Release|Any CPU.Build.0 = Release|Any CPU
		{60B948C4-9FAE-4045-B167-3DD9AB500B94}.Debug|Any CPU.ActiveCfg = Debug|Any CPU
		{60B948C4-9FAE-4045-B167-3DD9AB500B94}.Debug|Any CPU.Build.0 = Debug|Any CPU
		{60B948C4-9FAE-4045-B167-3DD9AB500B94}.Release|Any CPU.ActiveCfg = Release|Any CPU
		{60B948C4-9FAE-4045-B167-3DD9AB500B94}.Release|Any CPU.Build.0 = Release|Any CPU
		{F086EAC4-5C30-4629-9251-BF125158B139}.Debug|Any CPU.ActiveCfg = Debug|Any CPU
		{F086EAC4-5C30-4629-9251-BF125158B139}.Debug|Any CPU.Build.0 = Debug|Any CPU
		{F086EAC4-5C30-4629-9251-BF125158B139}.Release|Any CPU.ActiveCfg = Release|Any CPU
		{F086EAC4-5C30-4629-9251-BF125158B139}.Release|Any CPU.Build.0 = Release|Any CPU
		{4B422CC4-8411-49A0-A05C-E6C16E639DA4}.Debug|Any CPU.ActiveCfg = Debug|Any CPU
		{4B422CC4-8411-49A0-A05C-E6C16E639DA4}.Debug|Any CPU.Build.0 = Debug|Any CPU
		{4B422CC4-8411-49A0-A05C-E6C16E639DA4}.Release|Any CPU.ActiveCfg = Release|Any CPU
		{4B422CC4-8411-49A0-A05C-E6C16E639DA4}.Release|Any CPU.Build.0 = Release|Any CPU
	EndGlobalSection
	GlobalSection(SolutionProperties) = preSolution
		HideSolutionNode = FALSE
	EndGlobalSection
	GlobalSection(NestedProjects) = preSolution
		{29BA3D38-2744-4C84-8CA7-8750DDD8E32C} = {D309202B-88A3-464B-AC27-E46A5AC11878}
		{F9F15BD5-8717-4330-8321-46A1B71C8B80} = {B19B111B-B6B2-4340-BA95-7D2C0A8E5DC2}
		{FAF49D38-6898-4446-9336-10FB216B2EE3} = {5C3533E4-EAB5-4655-9536-DC8A3F89446A}
		{B9999D77-083A-402A-826E-59E71F07167C} = {D309202B-88A3-464B-AC27-E46A5AC11878}
		{747688A1-3FB9-4984-A060-035664C1ACC7} = {D309202B-88A3-464B-AC27-E46A5AC11878}
		{86370111-19E0-4C7E-A2CF-5DF524B40F48} = {D309202B-88A3-464B-AC27-E46A5AC11878}
		{C9CFE2C1-3E1A-C7DE-12D7-8C09923B6170} = {D309202B-88A3-464B-AC27-E46A5AC11878}
		{3E9A7343-5B9B-47A6-912F-461E1444DE97} = {D309202B-88A3-464B-AC27-E46A5AC11878}
		{CF8C8D15-B9EF-5ABF-5773-4E5D4A51FF66} = {D309202B-88A3-464B-AC27-E46A5AC11878}
		{741797DD-4851-4F95-BE61-881A9F20FDE2} = {D309202B-88A3-464B-AC27-E46A5AC11878}
		{104BA267-41B1-4BFA-A82A-74FD4E56F864} = {D309202B-88A3-464B-AC27-E46A5AC11878}
		{447EEEDD-CFAB-4C2E-A024-C23F33506640} = {D309202B-88A3-464B-AC27-E46A5AC11878}
		{03856EAC-ADA9-4D17-ABA8-2594AD0B8A67} = {D309202B-88A3-464B-AC27-E46A5AC11878}
		{D46BE581-4BD9-1358-0B83-144E6E6B9EB5} = {D309202B-88A3-464B-AC27-E46A5AC11878}
		{60B948C4-9FAE-4045-B167-3DD9AB500B94} = {D309202B-88A3-464B-AC27-E46A5AC11878}
		{F086EAC4-5C30-4629-9251-BF125158B139} = {D309202B-88A3-464B-AC27-E46A5AC11878}
		{4B422CC4-8411-49A0-A05C-E6C16E639DA4} = {D309202B-88A3-464B-AC27-E46A5AC11878}
	EndGlobalSection
	GlobalSection(ExtensibilityGlobals) = postSolution
		SolutionGuid = {390A2E0F-4312-4BE1-A232-65C77E7E3DAE}
	EndGlobalSection
EndGlobal
